
Microsoft Visual Studio Solution File, Format Version 12.00
# Visual Studio Version 17
VisualStudioVersion = 17.8.34330.188
MinimumVisualStudioVersion = 10.0.40219.1
Project("{FAE04EC0-301F-11D3-BF4B-00C04F79EFBC}") = "Practice1", "Practice1\Practice1.csproj", "{CC8677B0-6CE6-4B5B-B7D1-05C48E92858F}"
EndProject
Global
	GlobalSection(SolutionConfigurationPlatforms) = preSolution
		Debug|Any CPU = Debug|Any CPU
		Release|Any CPU = Release|Any CPU
	EndGlobalSection
	GlobalSection(ProjectConfigurationPlatforms) = postSolution
		{CC8677B0-6CE6-4B5B-B7D1-05C48E92858F}.Debug|Any CPU.ActiveCfg = Debug|Any CPU
		{CC8677B0-6CE6-4B5B-B7D1-05C48E92858F}.Debug|Any CPU.Build.0 = Debug|Any CPU
		{CC8677B0-6CE6-4B5B-B7D1-05C48E92858F}.Release|Any CPU.ActiveCfg = Release|Any CPU
		{CC8677B0-6CE6-4B5B-B7D1-05C48E92858F}.Release|Any CPU.Build.0 = Release|Any CPU
	EndGlobalSection
	GlobalSection(SolutionProperties) = preSolution
		HideSolutionNode = FALSE
	EndGlobalSection
	GlobalSection(ExtensibilityGlobals) = postSolution
		SolutionGuid = {8CE15C59-4525-4AB4-AF22-598422032F70}
	EndGlobalSection
EndGlobal
